# Generated by pub
# See https://dart.dev/tools/pub/glossary#lockfile
packages:
  android_intent_plus:
    dependency: "direct main"
    description:
      name: android_intent_plus
      sha256: "04cbc7c332a6f0bba88fed354de78813e9d24049c1800aaf10f449c7adc22603"
      url: "https://pub.flutter-io.cn"
    source: hosted
    version: "3.1.9"
  args:
    dependency: transitive
    description:
      name: args
      sha256: b003c3098049a51720352d219b0bb5f219b60fbfb68e7a4748139a06a5676515
      url: "https://pub.flutter-io.cn"
    source: hosted
    version: "2.3.1"
  asn1lib:
    dependency: transitive
    description:
      name: asn1lib
      sha256: ab96a1cb3beeccf8145c52e449233fe68364c9641623acd3adad66f8184f1039
      url: "https://pub.flutter-io.cn"
    source: hosted
    version: "1.4.0"
  async:
    dependency: transitive
    description:
      name: async
      sha256: bfe67ef28df125b7dddcea62755991f807aa39a2492a23e1550161692950bbe0
      url: "https://pub.flutter-io.cn"
    source: hosted
    version: "2.10.0"
  audio_session:
    dependency: transitive
    description:
      name: audio_session
      sha256: e4acc4e9eaa32436dfc5d7aed7f0a370f2d7bb27ee27de30d6c4f220c2a05c73
      url: "https://pub.flutter-io.cn"
    source: hosted
    version: "0.1.13"
  back_button_interceptor:
    dependency: transitive
    description:
      name: back_button_interceptor
      sha256: "350ba92a6f218ab2b278c1a231ba4d9fe39a00eb1ea37c4a41b067bdc83dae96"
      url: "https://pub.flutter-io.cn"
    source: hosted
    version: "6.0.0"
  battery_plus:
    dependency: transitive
    description:
      name: battery_plus
      sha256: c9a3ee3122578e647815301b7d803643af73bffa50a9c27a5ff6f257124f8557
      url: "https://pub.flutter-io.cn"
    source: hosted
    version: "3.0.6"
  battery_plus_platform_interface:
    dependency: transitive
    description:
      name: battery_plus_platform_interface
      sha256: "19fd8418a81aeb2dea8fb7026b1fdf56b6c6d319baf8d703fa0d13c1d5c7ba2f"
      url: "https://pub.flutter-io.cn"
    source: hosted
    version: "1.2.2"
  boolean_selector:
    dependency: transitive
    description:
      name: boolean_selector
      sha256: "6cfb5af12253eaf2b368f07bacc5a80d1301a071c73360d746b7f2e32d762c66"
      url: "https://pub.flutter-io.cn"
    source: hosted
    version: "2.1.1"
  characters:
    dependency: transitive
    description:
      name: characters
      sha256: e6a326c8af69605aec75ed6c187d06b349707a27fbff8222ca9cc2cff167975c
      url: "https://pub.flutter-io.cn"
    source: hosted
    version: "1.2.1"
  clock:
    dependency: transitive
    description:
      name: clock
      sha256: cb6d7f03e1de671e34607e909a7213e31d7752be4fb66a86d29fe1eb14bfb5cf
      url: "https://pub.flutter-io.cn"
    source: hosted
    version: "1.1.1"
  code_editor:
    dependency: "direct main"
    description:
      name: code_editor
      sha256: "8ef6bbef65d3e69fdde1d9f8dba7da96d03fa0976d942c89d4b0e0210b946a47"
      url: "https://pub.flutter-io.cn"
    source: hosted
    version: "1.3.2"
  collection:
    dependency: transitive
    description:
      name: collection
      sha256: cfc915e6923fe5ce6e153b0723c753045de46de1b4d63771530504004a45fae0
      url: "https://pub.flutter-io.cn"
    source: hosted
    version: "1.17.0"
  connectivity_plus:
    dependency: "direct main"
    description:
      name: connectivity_plus
      sha256: d73575bb66216738db892f72ba67dc478bd3b5490fbbcf43644b57645eabc822
      url: "https://pub.flutter-io.cn"
    source: hosted
    version: "3.0.4"
  connectivity_plus_platform_interface:
    dependency: transitive
    description:
      name: connectivity_plus_platform_interface
      sha256: cf1d1c28f4416f8c654d7dc3cd638ec586076255d407cef3ddbdaf178272a71a
      url: "https://pub.flutter-io.cn"
    source: hosted
    version: "1.2.4"
  convert:
    dependency: transitive
    description:
      name: convert
      sha256: "0f08b14755d163f6e2134cb58222dd25ea2a2ee8a195e53983d57c075324d592"
      url: "https://pub.flutter-io.cn"
    source: hosted
    version: "3.1.1"
  cool_ui:
    dependency: "direct main"
    description:
      name: cool_ui
      sha256: d5969f25cfb6c0db4ba8dd384cca42e3cfd7faf27d48552c96a5d7a71bb3190a
      url: "https://pub.flutter-io.cn"
    source: hosted
    version: "1.3.0"
  crypto:
    dependency: transitive
    description:
      name: crypto
      sha256: aa274aa7774f8964e4f4f38cc994db7b6158dd36e9187aaceaddc994b35c6c67
      url: "https://pub.flutter-io.cn"
    source: hosted
    version: "3.0.2"
  csslib:
    dependency: transitive
    description:
      name: csslib
      sha256: b36c7f7e24c0bdf1bf9a3da461c837d1de64b9f8beb190c9011d8c72a3dfd745
      url: "https://pub.flutter-io.cn"
    source: hosted
    version: "0.17.2"
  cupertino_icons:
    dependency: "direct main"
    description:
      name: cupertino_icons
      sha256: e35129dc44c9118cee2a5603506d823bab99c68393879edb440e0090d07586be
      url: "https://pub.flutter-io.cn"
    source: hosted
    version: "1.0.5"
  dartssh2:
    dependency: "direct main"
    description:
      name: dartssh2
      sha256: "53a230c7dd6f487b704ceef1b29323ad64d19be89e786ccbc81e157a70417a56"
      url: "https://pub.flutter-io.cn"
    source: hosted
    version: "2.8.2"
  dbus:
    dependency: transitive
    description:
      name: dbus
      sha256: "6f07cba3f7b3448d42d015bfd3d53fe12e5b36da2423f23838efc1d5fb31a263"
      url: "https://pub.flutter-io.cn"
    source: hosted
    version: "0.7.8"
  device_info_plus:
    dependency: "direct main"
    description:
      name: device_info_plus
      sha256: f52ab3b76b36ede4d135aab80194df8925b553686f0fa12226b4e2d658e45903
      url: "https://pub.flutter-io.cn"
    source: hosted
    version: "8.2.2"
  device_info_plus_platform_interface:
    dependency: transitive
    description:
      name: device_info_plus_platform_interface
      sha256: d3b01d5868b50ae571cd1dc6e502fc94d956b665756180f7b16ead09e836fd64
      url: "https://pub.flutter-io.cn"
    source: hosted
    version: "7.0.0"
  dio:
    dependency: "direct main"
    description:
      name: dio
      sha256: "0894a098594263fe1caaba3520e3016d8a855caeb010a882273189cca10f11e9"
      url: "https://pub.flutter-io.cn"
    source: hosted
    version: "5.1.1"
  draggable_scrollbar:
    dependency: "direct main"
    description:
      path: "."
      ref: HEAD
      resolved-ref: "3ac8911b81268a3c27af4bd637d4d5b5413e02ff"
      url: "https://gitee.com/apaipai/draggable_scrollbar.git"
    source: git
    version: "0.0.4"
  easy_app_installer:
    dependency: "direct main"
    description:
      name: easy_app_installer
      sha256: d7287bf247fe6bc85ad07dfb85804757a6dd2f47e61b0e7ce9195ec7f13e09eb
      url: "https://pub.flutter-io.cn"
    source: hosted
    version: "1.0.0"
  equatable:
    dependency: transitive
    description:
      name: equatable
      sha256: c2b87cb7756efdf69892005af546c56c0b5037f54d2a88269b4f347a505e3ca2
      url: "https://pub.flutter-io.cn"
    source: hosted
    version: "2.0.5"
  extended_image:
    dependency: "direct main"
    description:
      name: extended_image
      sha256: "75e4b0ad0f8f63eed7935ff2506c809a670f5e6dd0f61304525879d53fc41a17"
      url: "https://pub.flutter-io.cn"
    source: hosted
    version: "7.0.2"
  extended_image_library:
    dependency: transitive
    description:
      name: extended_image_library
      sha256: b1de389378589e4dffb3564d782373238f19064037458092c49b3043b2791b2b
      url: "https://pub.flutter-io.cn"
    source: hosted
    version: "3.4.1"
  extended_text:
    dependency: "direct main"
    description:
      name: extended_text
      sha256: "3f555a60f63ff51d5080f5eed89e65bc18f17b69e01f4e16cadfd0cb3b49f42a"
      url: "https://pub.flutter-io.cn"
    source: hosted
    version: "10.0.1"
  extended_text_library:
    dependency: transitive
    description:
      name: extended_text_library
      sha256: "6d06b0ac53a09989e9864549f133c19c676d1456c5ee9470e2483f3cb1900f6e"
      url: "https://pub.flutter-io.cn"
    source: hosted
    version: "10.0.0"
  fake_async:
    dependency: transitive
    description:
      name: fake_async
      sha256: "511392330127add0b769b75a987850d136345d9227c6b94c96a04cf4a391bf78"
      url: "https://pub.flutter-io.cn"
    source: hosted
    version: "1.3.1"
  ffi:
    dependency: "direct overridden"
    description:
      name: ffi
      sha256: a38574032c5f1dd06c4aee541789906c12ccaab8ba01446e800d9c5b79c4a978
      url: "https://pub.flutter-io.cn"
    source: hosted
    version: "2.0.1"
  file:
    dependency: transitive
    description:
      name: file
      sha256: "1b92bec4fc2a72f59a8e15af5f52cd441e4a7860b49499d69dfa817af20e925d"
      url: "https://pub.flutter-io.cn"
    source: hosted
    version: "6.1.4"
  file_picker:
    dependency: "direct main"
    description:
      name: file_picker
      sha256: d8e9ca7e5d1983365c277f12c21b4362df6cf659c99af146ad4d04eb33033013
      url: "https://pub.flutter-io.cn"
    source: hosted
    version: "5.2.6"
  fl_chart:
    dependency: "direct main"
    description:
      name: fl_chart
      sha256: "48a1b69be9544e2b03d9a8e843affd89e43f3194c9248776222efcb4206bb1ec"
      url: "https://pub.flutter-io.cn"
    source: hosted
    version: "0.62.0"
  flutter:
    dependency: "direct main"
    description: flutter
    source: sdk
    version: "0.0.0"
  flutter_datetime_picker:
    dependency: "direct main"
    description:
      path: "."
      ref: HEAD
      resolved-ref: eb66486c47d50bf550950c196486121ffcea8885
      url: "https://github.com/Realank/flutter_datetime_picker.git"
    source: git
    version: "1.5.1"
  flutter_downloader:
    dependency: "direct main"
    description:
      name: flutter_downloader
      sha256: "6f2836668f33d0cd3ed275c3198d30967c42af53fa9b18c6b0edbf5fc12b599a"
      url: "https://pub.flutter-io.cn"
    source: hosted
    version: "1.10.2"
  flutter_floating:
    dependency: "direct main"
    description:
      name: flutter_floating
      sha256: "9917dc1a79b985aca3223e1ca4e22c5acc2aeab7aab482f24070e39eabed871b"
      url: "https://pub.flutter-io.cn"
    source: hosted
    version: "1.0.6"
  flutter_highlight:
    dependency: "direct main"
    description:
      name: flutter_highlight
      sha256: "7b96333867aa07e122e245c033b8ad622e4e3a42a1a2372cbb098a2541d8782c"
      url: "https://pub.flutter-io.cn"
    source: hosted
    version: "0.7.0"
  flutter_html:
    dependency: "direct main"
    description:
      name: flutter_html
      sha256: "342c7908f0a67bcec62b6e0f7cf23e23bafe7f64693665dd35be98d5e783bdfd"
      url: "https://pub.flutter-io.cn"
    source: hosted
    version: "3.0.0-alpha.6"
  flutter_localizations:
    dependency: "direct main"
    description: flutter
    source: sdk
    version: "0.0.0"
  flutter_plugin_android_lifecycle:
    dependency: transitive
    description:
      name: flutter_plugin_android_lifecycle
      sha256: "60fc7b78455b94e6de2333d2f95196d32cf5c22f4b0b0520a628804cb463503b"
      url: "https://pub.flutter-io.cn"
    source: hosted
    version: "2.0.7"
  flutter_sharing_intent:
    dependency: "direct main"
    description:
      path: "."
      ref: HEAD
      resolved-ref: "71fdfe6f06527d0a1719e4e0c27f64e861aed7e1"
      url: "https://gitee.com/apaipai/flutter_sharing_intent.git"
    source: git
    version: "1.0.6"
  flutter_swiper_null_safety:
    dependency: "direct main"
    description:
      name: flutter_swiper_null_safety
      sha256: "5a855e0080d035c08e82f8b7fd2f106344943a30c9ab483b2584860a2f22eaaf"
      url: "https://pub.flutter-io.cn"
    source: hosted
    version: "1.0.2"
  flutter_test:
    dependency: "direct dev"
    description: flutter
    source: sdk
    version: "0.0.0"
  flutter_web_plugins:
    dependency: transitive
    description: flutter
    source: sdk
    version: "0.0.0"
  fluwx:
    dependency: "direct main"
    description:
      name: fluwx
      sha256: "485b19e75f78d1b2ba867bc36d9e726fd236de6fb0f7587e5eaa840e1bef1a4c"
      url: "https://pub.flutter-io.cn"
    source: hosted
    version: "3.13.1"
  font_awesome_flutter:
    dependency: transitive
    description:
      name: font_awesome_flutter
      sha256: "8f0ce0204bd0cafa8631536a6f3b7d05d9c16cdc6e8bd807843f917027c5cefd"
      url: "https://pub.flutter-io.cn"
    source: hosted
    version: "10.2.1"
  fplayer:
    dependency: "direct main"
    description:
      path: fplayer
      relative: true
    source: path
    version: "1.0.4"
  gallery_saver:
    dependency: "direct main"
    description:
      name: gallery_saver
      sha256: df8b7e207ca12d64c71e0710a7ee3bc48aa7206d51cc720716fedb1543a66712
      url: "https://pub.flutter-io.cn"
    source: hosted
    version: "2.3.2"
  gesture_password:
    dependency: "direct main"
    description:
      name: gesture_password
      sha256: "0969c4db536d41331a83c87a9779aa595c526e3be26bce7e5fa9078caf2fffdd"
      url: "https://pub.flutter-io.cn"
    source: hosted
    version: "0.0.6"
  highlight:
    dependency: transitive
    description:
      name: highlight
      sha256: "5353a83ffe3e3eca7df0abfb72dcf3fa66cc56b953728e7113ad4ad88497cf21"
      url: "https://pub.flutter-io.cn"
    source: hosted
    version: "0.7.0"
  html:
    dependency: "direct main"
    description:
      name: html
      sha256: "58e3491f7bf0b6a4ea5110c0c688877460d1a6366731155c4a4580e7ded773e8"
      url: "https://pub.flutter-io.cn"
    source: hosted
    version: "0.15.3"
  http:
    dependency: transitive
    description:
      name: http
      sha256: "6aa2946395183537c8b880962d935877325d6a09a2867c3970c05c0fed6ac482"
      url: "https://pub.flutter-io.cn"
    source: hosted
    version: "0.13.5"
  http_client_helper:
    dependency: transitive
    description:
      name: http_client_helper
      sha256: "1f32359bd07a064ad256d1f84ae5f973f69bc972e7287223fa198abe1d969c28"
      url: "https://pub.flutter-io.cn"
    source: hosted
    version: "2.0.3"
  http_parser:
    dependency: transitive
    description:
      name: http_parser
      sha256: "2aa08ce0341cc9b354a498388e30986515406668dbcc4f7c950c3e715496693b"
      url: "https://pub.flutter-io.cn"
    source: hosted
    version: "4.0.2"
  intl:
    dependency: transitive
    description:
      name: intl
      sha256: "910f85bce16fb5c6f614e117efa303e85a1731bb0081edf3604a2ae6e9a3cc91"
      url: "https://pub.flutter-io.cn"
    source: hosted
    version: "0.17.0"
  js:
    dependency: transitive
    description:
      name: js
      sha256: "5528c2f391ededb7775ec1daa69e65a2d61276f7552de2b5f7b8d34ee9fd4ab7"
      url: "https://pub.flutter-io.cn"
    source: hosted
    version: "0.6.5"
  just_audio:
    dependency: "direct main"
    description:
      name: just_audio
      sha256: "7e6d31508dacd01a066e3889caf6282e5f1eb60707c230203b21a83af5c55586"
      url: "https://pub.flutter-io.cn"
    source: hosted
    version: "0.9.32"
  just_audio_platform_interface:
    dependency: transitive
    description:
      name: just_audio_platform_interface
      sha256: eff112d5138bea3ba544b6338b1e0537a32b5e1425e4d0dc38f732771cda7c84
      url: "https://pub.flutter-io.cn"
    source: hosted
    version: "4.2.0"
  just_audio_web:
    dependency: transitive
    description:
      name: just_audio_web
      sha256: "89d8db6f19f3821bb6bf908c4bfb846079afb2ab575b783d781a6bf119e3abaf"
      url: "https://pub.flutter-io.cn"
    source: hosted
    version: "0.4.7"
  local_auth:
    dependency: "direct main"
    description:
      name: local_auth
      sha256: "0cf238be2bfa51a6c9e7e9cfc11c05ea39f2a3a4d3e5bb255d0ebc917da24401"
      url: "https://pub.flutter-io.cn"
    source: hosted
    version: "2.1.6"
  local_auth_android:
    dependency: transitive
    description:
      name: local_auth_android
      sha256: dbbfee4e1c0689d89259580beb7d61b847c599536575365282da87e36cf63653
      url: "https://pub.flutter-io.cn"
    source: hosted
    version: "1.0.15"
  local_auth_ios:
    dependency: transitive
    description:
      name: local_auth_ios
      sha256: "0f1aa3fd625082b2a8291af830890bb43471d8421ab5c46934ca68a696743543"
      url: "https://pub.flutter-io.cn"
    source: hosted
    version: "1.0.10"
  local_auth_platform_interface:
    dependency: transitive
    description:
      name: local_auth_platform_interface
      sha256: b069647f81ed12c833d3f1f7c2880e20b86ca04429e786df76731ac2d4220c47
      url: "https://pub.flutter-io.cn"
    source: hosted
    version: "1.0.5"
  local_auth_windows:
    dependency: transitive
    description:
      name: local_auth_windows
      sha256: "53ef7487587e1cb06755861a9a74585b3b361ba1969ad374c728c75771a14fbb"
      url: "https://pub.flutter-io.cn"
    source: hosted
    version: "1.0.4"
  logging:
    dependency: transitive
    description:
      name: logging
      sha256: c0bbfe94d46aedf9b8b3e695cf3bd48c8e14b35e3b2c639e0aa7755d589ba946
      url: "https://pub.flutter-io.cn"
    source: hosted
    version: "1.1.0"
  matcher:
    dependency: transitive
    description:
      name: matcher
      sha256: "16db949ceee371e9b99d22f88fa3a73c4e59fd0afed0bd25fc336eb76c198b72"
      url: "https://pub.flutter-io.cn"
    source: hosted
    version: "0.12.13"
  material_color_utilities:
    dependency: transitive
    description:
      name: material_color_utilities
      sha256: d92141dc6fe1dad30722f9aa826c7fbc896d021d792f80678280601aff8cf724
      url: "https://pub.flutter-io.cn"
    source: hosted
    version: "0.2.0"
  meta:
    dependency: transitive
    description:
      name: meta
      sha256: "6c268b42ed578a53088d834796959e4a1814b5e9e164f147f580a386e5decf42"
      url: "https://pub.flutter-io.cn"
    source: hosted
    version: "1.8.0"
  modal_bottom_sheet:
    dependency: "direct main"
    description:
      name: modal_bottom_sheet
      sha256: "3bba63c62d35c931bce7f8ae23a47f9a05836d8cb3c11122ada64e0b2f3d718f"
      url: "https://pub.flutter-io.cn"
    source: hosted
    version: "3.0.0-pre"
  nested:
    dependency: transitive
    description:
      name: nested
      sha256: "03bac4c528c64c95c722ec99280375a6f2fc708eec17c7b3f07253b626cd2a20"
      url: "https://pub.flutter-io.cn"
    source: hosted
    version: "1.0.0"
  neumorphic:
    dependency: "direct main"
    description:
      path: "."
      ref: HEAD
      resolved-ref: b9383e9f39525d701a6c4e8141371e150d7e38ae
      url: "https://gitee.com/apaipai/neumorphic.git"
    source: git
    version: "0.4.0"
  nm:
    dependency: transitive
    description:
      name: nm
      sha256: "2c9aae4127bdc8993206464fcc063611e0e36e72018696cd9631023a31b24254"
      url: "https://pub.flutter-io.cn"
    source: hosted
    version: "0.5.0"
  numerus:
    dependency: transitive
    description:
      name: numerus
      sha256: "436759d84f233b40107d0cc31cfa92d24e0960afeb2e506be70926d4cddffd9e"
      url: "https://pub.flutter-io.cn"
    source: hosted
    version: "2.0.0"
  oktoast:
    dependency: "direct main"
    description:
      name: oktoast
      sha256: fd5dd5c7dd02c41c56bdbdbc163351bd6cd59cba61c416daf255e35d1a86dce1
      url: "https://pub.flutter-io.cn"
    source: hosted
    version: "3.3.1"
  open_file:
    dependency: "direct main"
    description:
      name: open_file
      sha256: c85fbdc6ea2f44adcd999a74821a1436e620f9dfc167cda1ad0c9fb243616257
      url: "https://pub.flutter-io.cn"
    source: hosted
    version: "3.3.1"
  package_info_plus:
    dependency: "direct main"
    description:
      name: package_info_plus
      sha256: "10259b111176fba5c505b102e3a5b022b51dd97e30522e906d6922c745584745"
      url: "https://pub.flutter-io.cn"
    source: hosted
    version: "3.1.2"
  package_info_plus_platform_interface:
    dependency: transitive
    description:
      name: package_info_plus_platform_interface
      sha256: "9bc8ba46813a4cc42c66ab781470711781940780fd8beddd0c3da62506d3a6c6"
      url: "https://pub.flutter-io.cn"
    source: hosted
    version: "2.0.1"
  pangle_flutter:
    dependency: "direct main"
    description:
      name: pangle_flutter
      sha256: c5a2124e9094cae3009a644661299a9f26df735b09f0ab887e3ab955673dccad
      url: "https://pub.flutter-io.cn"
    source: hosted
    version: "1.9.7"
  path:
    dependency: transitive
    description:
      name: path
      sha256: db9d4f58c908a4ba5953fcee2ae317c94889433e5024c27ce74a37f94267945b
      url: "https://pub.flutter-io.cn"
    source: hosted
    version: "1.8.2"
  path_provider:
    dependency: "direct main"
    description:
      name: path_provider
      sha256: c7edf82217d4b2952b2129a61d3ad60f1075b9299e629e149a8d2e39c2e6aad4
      url: "https://pub.flutter-io.cn"
    source: hosted
    version: "2.0.14"
  path_provider_android:
    dependency: transitive
    description:
      name: path_provider_android
      sha256: a776c088d671b27f6e3aa8881d64b87b3e80201c64e8869b811325de7a76c15e
      url: "https://pub.flutter-io.cn"
    source: hosted
    version: "2.0.22"
  path_provider_foundation:
    dependency: transitive
    description:
      name: path_provider_foundation
      sha256: "62a68e7e1c6c459f9289859e2fae58290c981ce21d1697faf54910fe1faa4c74"
      url: "https://pub.flutter-io.cn"
    source: hosted
    version: "2.1.1"
  path_provider_linux:
    dependency: transitive
    description:
      name: path_provider_linux
      sha256: ab0987bf95bc591da42dffb38c77398fc43309f0b9b894dcc5d6f40c4b26c379
      url: "https://pub.flutter-io.cn"
    source: hosted
    version: "2.1.7"
  path_provider_platform_interface:
    dependency: transitive
    description:
      name: path_provider_platform_interface
      sha256: f0abc8ebd7253741f05488b4813d936b4d07c6bae3e86148a09e342ee4b08e76
      url: "https://pub.flutter-io.cn"
    source: hosted
    version: "2.0.5"
  path_provider_windows:
    dependency: transitive
    description:
      name: path_provider_windows
      sha256: bcabbe399d4042b8ee687e17548d5d3f527255253b4a639f5f8d2094a9c2b45c
      url: "https://pub.flutter-io.cn"
    source: hosted
    version: "2.1.3"
  percent_indicator:
    dependency: "direct main"
    description:
      name: percent_indicator
      sha256: c37099ad833a883c9d71782321cb65c3a848c21b6939b6185f0ff6640d05814c
      url: "https://pub.flutter-io.cn"
    source: hosted
    version: "4.2.3"
  permission_handler:
    dependency: "direct main"
    description:
      name: permission_handler
      sha256: "33c6a1253d1f95fd06fa74b65b7ba907ae9811f9d5c1d3150e51417d04b8d6a8"
      url: "https://pub.flutter-io.cn"
    source: hosted
    version: "10.2.0"
  permission_handler_android:
    dependency: transitive
    description:
      name: permission_handler_android
      sha256: "8028362b40c4a45298f1cbfccd227c8dd6caf0e27088a69f2ba2ab15464159e2"
      url: "https://pub.flutter-io.cn"
    source: hosted
    version: "10.2.0"
  permission_handler_apple:
    dependency: transitive
    description:
      name: permission_handler_apple
      sha256: "9c370ef6a18b1c4b2f7f35944d644a56aa23576f23abee654cf73968de93f163"
      url: "https://pub.flutter-io.cn"
    source: hosted
    version: "9.0.7"
  permission_handler_platform_interface:
    dependency: transitive
    description:
      name: permission_handler_platform_interface
      sha256: "68abbc472002b5e6dfce47fe9898c6b7d8328d58b5d2524f75e277c07a97eb84"
      url: "https://pub.flutter-io.cn"
    source: hosted
    version: "3.9.0"
  permission_handler_windows:
    dependency: transitive
    description:
      name: permission_handler_windows
      sha256: f67cab14b4328574938ecea2db3475dad7af7ead6afab6338772c5f88963e38b
      url: "https://pub.flutter-io.cn"
    source: hosted
    version: "0.1.2"
  petitparser:
    dependency: transitive
    description:
      name: petitparser
      sha256: "49392a45ced973e8d94a85fdb21293fbb40ba805fc49f2965101ae748a3683b4"
      url: "https://pub.flutter-io.cn"
    source: hosted
    version: "5.1.0"
  photo_manager:
    dependency: "direct main"
    description:
      name: photo_manager
      sha256: bdc4ab1fa9fb064d8ccfea6ab44119f55b220293d7ce2e19eb5a5f998db86c88
      url: "https://pub.flutter-io.cn"
    source: hosted
    version: "2.6.0"
  pinenacl:
    dependency: transitive
    description:
      name: pinenacl
      sha256: "3a5503637587d635647c93ea9a8fecf48a420cc7deebe6f1fc85c2a5637ab327"
      url: "https://pub.flutter-io.cn"
    source: hosted
    version: "0.5.1"
  platform:
    dependency: transitive
    description:
      name: platform
      sha256: "4a451831508d7d6ca779f7ac6e212b4023dd5a7d08a27a63da33756410e32b76"
      url: "https://pub.flutter-io.cn"
    source: hosted
    version: "3.1.0"
  platform_info:
    dependency: transitive
    description:
      name: platform_info
      sha256: "012e73712166cf0b56d3eb95c0d33491f56b428c169eca385f036448474147e4"
      url: "https://pub.flutter-io.cn"
    source: hosted
    version: "3.2.0"
  plugin_platform_interface:
    dependency: transitive
    description:
      name: plugin_platform_interface
      sha256: dbf0f707c78beedc9200146ad3cb0ab4d5da13c246336987be6940f026500d3a
      url: "https://pub.flutter-io.cn"
    source: hosted
    version: "2.1.3"
  pointycastle:
    dependency: transitive
    description:
      name: pointycastle
      sha256: db7306cf0249f838d1a24af52b5a5887c5bf7f31d8bb4e827d071dc0939ad346
      url: "https://pub.flutter-io.cn"
    source: hosted
    version: "3.6.2"
  process:
    dependency: transitive
    description:
      name: process
      sha256: "53fd8db9cec1d37b0574e12f07520d582019cb6c44abf5479a01505099a34a09"
      url: "https://pub.flutter-io.cn"
    source: hosted
    version: "4.2.4"
  provider:
    dependency: "direct main"
    description:
      name: provider
      sha256: cdbe7530b12ecd9eb455bdaa2fcb8d4dad22e80b8afb4798b41479d5ce26847f
      url: "https://pub.flutter-io.cn"
    source: hosted
    version: "6.0.5"
  quiver:
    dependency: transitive
    description:
      name: quiver
      sha256: "93982981971e812c94d4a6fa3a57b89f9ec12b38b6380cd3c1370c3b01e4580e"
      url: "https://pub.flutter-io.cn"
    source: hosted
    version: "3.1.0"
  rxdart:
    dependency: "direct main"
    description:
      name: rxdart
      sha256: "0c7c0cedd93788d996e33041ffecda924cc54389199cde4e6a34b440f50044cb"
      url: "https://pub.flutter-io.cn"
    source: hosted
    version: "0.27.7"
  screen_brightness:
    dependency: transitive
    description:
      name: screen_brightness
      sha256: "62fd61a64e68b32b98b840bad7d8b6822bbc40e63c2b569a5f85528484c86b41"
      url: "https://pub.flutter-io.cn"
    source: hosted
    version: "0.2.2"
  screen_brightness_android:
    dependency: transitive
    description:
      name: screen_brightness_android
      sha256: "3df10961e3a9e968a5e076fe27e7f4741fa8a1d3950bdeb48cf121ed529d0caf"
      url: "https://pub.flutter-io.cn"
    source: hosted
    version: "0.1.0+2"
  screen_brightness_ios:
    dependency: transitive
    description:
      name: screen_brightness_ios
      sha256: "99adc3ca5490b8294284aad5fcc87f061ad685050e03cf45d3d018fe398fd9a2"
      url: "https://pub.flutter-io.cn"
    source: hosted
    version: "0.1.0"
  screen_brightness_macos:
    dependency: transitive
    description:
      name: screen_brightness_macos
      sha256: "64b34e7e3f4900d7687c8e8fb514246845a73ecec05ab53483ed025bd4a899fd"
      url: "https://pub.flutter-io.cn"
    source: hosted
    version: "0.1.0+1"
  screen_brightness_platform_interface:
    dependency: transitive
    description:
      name: screen_brightness_platform_interface
      sha256: b211d07f0c96637a15fb06f6168617e18030d5d74ad03795dd8547a52717c171
      url: "https://pub.flutter-io.cn"
    source: hosted
    version: "0.1.0"
  screen_brightness_windows:
    dependency: transitive
    description:
      name: screen_brightness_windows
      sha256: "80d90ecdc63fc0823f2ecb1be323471619287937e14210650d7b25ca181abd05"
      url: "https://pub.flutter-io.cn"
    source: hosted
    version: "0.1.1"
  shared_preferences:
    dependency: transitive
    description:
      name: shared_preferences
      sha256: "5949029e70abe87f75cfe59d17bf5c397619c4b74a099b10116baeb34786fad9"
      url: "https://pub.flutter-io.cn"
    source: hosted
    version: "2.0.17"
  shared_preferences_android:
    dependency: transitive
    description:
      name: shared_preferences_android
      sha256: "8e251f3c986002b65fed6396bce81f379fb63c27317d49743cf289fd0fd1ab97"
      url: "https://pub.flutter-io.cn"
    source: hosted
    version: "2.0.14"
  shared_preferences_foundation:
    dependency: transitive
    description:
      name: shared_preferences_foundation
      sha256: "2b55c18636a4edc529fa5cd44c03d3f3100c00513f518c5127c951978efcccd0"
      url: "https://pub.flutter-io.cn"
    source: hosted
    version: "2.1.3"
  shared_preferences_linux:
    dependency: transitive
    description:
      name: shared_preferences_linux
      sha256: "28aefc1261746e7bad3d09799496054beb84e8c4ffcdfed7734e17b4ada459a5"
      url: "https://pub.flutter-io.cn"
    source: hosted
    version: "2.1.1"
  shared_preferences_platform_interface:
    dependency: transitive
    description:
      name: shared_preferences_platform_interface
      sha256: da9431745ede5ece47bc26d5d73a9d3c6936ef6945c101a5aca46f62e52c1cf3
      url: "https://pub.flutter-io.cn"
    source: hosted
    version: "2.1.0"
  shared_preferences_web:
    dependency: transitive
    description:
      name: shared_preferences_web
      sha256: a4b5bc37fe1b368bbc81f953197d55e12f49d0296e7e412dfe2d2d77d6929958
      url: "https://pub.flutter-io.cn"
    source: hosted
    version: "2.0.4"
  shared_preferences_windows:
    dependency: transitive
    description:
      name: shared_preferences_windows
      sha256: "97f7ab9a7da96d9cf19581f5de520ceb529548498bd6b5e0ccd02d68a0d15eba"
      url: "https://pub.flutter-io.cn"
    source: hosted
    version: "2.1.1"
  simple_logger:
    dependency: "direct main"
    description:
      name: simple_logger
      sha256: "0b0006199015a81c30041390b91e4c9561079d631541ffc317f76fd1181c9cc7"
      url: "https://pub.flutter-io.cn"
    source: hosted
    version: "1.9.0+2"
  sky_engine:
    dependency: transitive
    description: flutter
    source: sdk
    version: "0.0.99"
  source_span:
    dependency: transitive
    description:
      name: source_span
      sha256: dd904f795d4b4f3b870833847c461801f6750a9fa8e61ea5ac53f9422b31f250
      url: "https://pub.flutter-io.cn"
    source: hosted
    version: "1.9.1"
  sp_util:
    dependency: "direct main"
    description:
      name: sp_util
      sha256: "9da43dce5de79c17a787d0626bf01538d63090ca32521200d22a232171c495dc"
      url: "https://pub.flutter-io.cn"
    source: hosted
    version: "2.0.3"
  stack_trace:
    dependency: transitive
    description:
      name: stack_trace
      sha256: c3c7d8edb15bee7f0f74debd4b9c5f3c2ea86766fe4178eb2a18eb30a0bdaed5
      url: "https://pub.flutter-io.cn"
    source: hosted
    version: "1.11.0"
  stream_channel:
    dependency: transitive
    description:
      name: stream_channel
      sha256: "83615bee9045c1d322bbbd1ba209b7a749c2cbcdcb3fdd1df8eb488b3279c1c8"
      url: "https://pub.flutter-io.cn"
    source: hosted
    version: "2.1.1"
  string_scanner:
    dependency: transitive
    description:
      name: string_scanner
      sha256: "556692adab6cfa87322a115640c11f13cb77b3f076ddcc5d6ae3c20242bedcde"
      url: "https://pub.flutter-io.cn"
    source: hosted
    version: "1.2.0"
  syncfusion_flutter_core:
    dependency: transitive
    description:
      name: syncfusion_flutter_core
      sha256: c1c65f1fc377ff101ab5f840b9013c5267658e1185abb32df1a23c0aa0508974
      url: "https://pub.flutter-io.cn"
    source: hosted
    version: "21.2.3"
  syncfusion_flutter_pdf:
    dependency: transitive
    description:
      name: syncfusion_flutter_pdf
      sha256: "27c3c144fceb7182f8b2a79d5456eb9e0ea2bdf5fdf6fa6d19ffdcd446cbb44c"
      url: "https://pub.flutter-io.cn"
    source: hosted
    version: "21.2.3"
  syncfusion_flutter_pdfviewer:
    dependency: "direct main"
    description:
      name: syncfusion_flutter_pdfviewer
      sha256: "2dc016f251c675f8e4923135c485356473b4d89c677670164292159cd1dd4f45"
      url: "https://pub.flutter-io.cn"
    source: hosted
    version: "21.2.3"
  syncfusion_pdfviewer_macos:
    dependency: transitive
    description:
      name: syncfusion_pdfviewer_macos
      sha256: c1e6ff1a42f48ee5c089fe105b935690ac94e65a6bb3305838e751471386845b
      url: "https://pub.flutter-io.cn"
    source: hosted
    version: "21.2.3"
  syncfusion_pdfviewer_platform_interface:
    dependency: transitive
    description:
      name: syncfusion_pdfviewer_platform_interface
      sha256: ead7cad9959887783ce463836611a9f4e9ea039fed5bac018a95711f46e42110
      url: "https://pub.flutter-io.cn"
    source: hosted
    version: "21.2.3"
  syncfusion_pdfviewer_web:
    dependency: transitive
    description:
      name: syncfusion_pdfviewer_web
      sha256: "107e76f953c62884ed52bd62215d07155f5bc1833bf3fe3ad4488aec6848efee"
      url: "https://pub.flutter-io.cn"
    source: hosted
    version: "21.2.3"
  syncfusion_pdfviewer_windows:
    dependency: transitive
    description:
      name: syncfusion_pdfviewer_windows
      sha256: c0141ef0e4efe467bb5d324006e09cd5ac3e7a50697c7a401fc6408f7b321142
      url: "https://pub.flutter-io.cn"
    source: hosted
    version: "21.2.3"
  synchronized:
    dependency: transitive
    description:
      name: synchronized
      sha256: "33b31b6beb98100bf9add464a36a8dd03eb10c7a8cf15aeec535e9b054aaf04b"
      url: "https://pub.flutter-io.cn"
    source: hosted
    version: "3.0.1"
  term_glyph:
    dependency: transitive
    description:
      name: term_glyph
      sha256: a29248a84fbb7c79282b40b8c72a1209db169a2e0542bce341da992fe1bc7e84
      url: "https://pub.flutter-io.cn"
    source: hosted
    version: "1.2.1"
  test_api:
    dependency: transitive
    description:
      name: test_api
      sha256: ad540f65f92caa91bf21dfc8ffb8c589d6e4dc0c2267818b4cc2792857706206
      url: "https://pub.flutter-io.cn"
    source: hosted
    version: "0.4.16"
  typed_data:
    dependency: transitive
    description:
      name: typed_data
      sha256: "26f87ade979c47a150c9eaab93ccd2bebe70a27dc0b4b29517f2904f04eb11a5"
      url: "https://pub.flutter-io.cn"
    source: hosted
    version: "1.3.1"
  upower:
    dependency: transitive
    description:
      name: upower
      sha256: cf042403154751180affa1d15614db7fa50234bc2373cd21c3db666c38543ebf
      url: "https://pub.flutter-io.cn"
    source: hosted
    version: "0.7.0"
  url_launcher:
    dependency: "direct main"
    description:
      name: url_launcher
      sha256: "75f2846facd11168d007529d6cd8fcb2b750186bea046af9711f10b907e1587e"
      url: "https://pub.flutter-io.cn"
    source: hosted
    version: "6.1.10"
  url_launcher_android:
    dependency: transitive
    description:
      name: url_launcher_android
      sha256: "6f91d30ce9060c204b2dbe728adb300750fa4b228e8f7ed1b961aa1ceb728799"
      url: "https://pub.flutter-io.cn"
    source: hosted
    version: "6.0.22"
  url_launcher_ios:
    dependency: transitive
    description:
      name: url_launcher_ios
      sha256: "6ba7dddee26c9fae27c9203c424631109d73c8fa26cfa7bc3e35e751cb87f62e"
      url: "https://pub.flutter-io.cn"
    source: hosted
    version: "6.0.17"
  url_launcher_linux:
    dependency: transitive
    description:
      name: url_launcher_linux
      sha256: "360fa359ab06bcb4f7c5cd3123a2a9a4d3364d4575d27c4b33468bd4497dd094"
      url: "https://pub.flutter-io.cn"
    source: hosted
    version: "3.0.1"
  url_launcher_macos:
    dependency: transitive
    description:
      name: url_launcher_macos
      sha256: a9b3ea9043eabfaadfa3fb89de67a11210d85569086d22b3854484beab8b3978
      url: "https://pub.flutter-io.cn"
    source: hosted
    version: "3.0.1"
  url_launcher_platform_interface:
    dependency: transitive
    description:
      name: url_launcher_platform_interface
      sha256: "4eae912628763eb48fc214522e58e942fd16ce195407dbf45638239523c759a6"
      url: "https://pub.flutter-io.cn"
    source: hosted
    version: "2.1.1"
  url_launcher_web:
    dependency: transitive
    description:
      name: url_launcher_web
      sha256: "5669882643b96bb6d5786637cac727c6e918a790053b09245fd4513b8a07df2a"
      url: "https://pub.flutter-io.cn"
    source: hosted
    version: "2.0.13"
  url_launcher_windows:
    dependency: transitive
    description:
      name: url_launcher_windows
      sha256: e3c3b16d3104260c10eea3b0e34272aaa57921f83148b0619f74c2eced9b7ef1
      url: "https://pub.flutter-io.cn"
    source: hosted
    version: "3.0.1"
  uuid:
    dependency: transitive
    description:
      name: uuid
      sha256: "648e103079f7c64a36dc7d39369cabb358d377078a051d6ae2ad3aa539519313"
      url: "https://pub.flutter-io.cn"
    source: hosted
    version: "3.0.7"
  vector_math:
    dependency: transitive
    description:
      name: vector_math
      sha256: "80b3257d1492ce4d091729e3a67a60407d227c27241d6927be0130c98e741803"
      url: "https://pub.flutter-io.cn"
    source: hosted
    version: "2.1.4"
  vibrate:
    dependency: "direct main"
    description:
      name: vibrate
      sha256: c0d7808b5025453c7757a587c7a42068222c5ab9676a9727988d7b5eeb0e6ff5
      url: "https://pub.flutter-io.cn"
    source: hosted
    version: "0.0.4"
  video_player:
    dependency: transitive
    description:
      name: video_player
      sha256: "32c20460c6879140dbd2728323918e5b1982125ad6517f71a01e17cdd7fa7975"
      url: "https://pub.flutter-io.cn"
    source: hosted
    version: "2.4.7"
  video_player_android:
    dependency: transitive
    description:
      name: video_player_android
      sha256: e9e0a526c37c85428ca0a74c12597ca0ffe4982364bf92d4b75fa48d57345de6
      url: "https://pub.flutter-io.cn"
    source: hosted
    version: "2.3.8"
  video_player_avfoundation:
    dependency: transitive
    description:
      name: video_player_avfoundation
      sha256: "3df559495634bba8feb24439ac0a28a380d4ff96be7990811dc4ec81299e8cfa"
      url: "https://pub.flutter-io.cn"
    source: hosted
    version: "2.3.7"
  video_player_platform_interface:
    dependency: transitive
    description:
      name: video_player_platform_interface
      sha256: "318a6d20577e1c78cf0bf40670883cc571ea860c72a4f7426d7dacce4bdd4343"
      url: "https://pub.flutter-io.cn"
    source: hosted
    version: "5.1.4"
  video_player_web:
    dependency: transitive
    description:
      name: video_player_web
      sha256: ed949a3df5fe88533254bbdd242c3d8eea19ecbc4e7af90da84ef087533f584b
      url: "https://pub.flutter-io.cn"
    source: hosted
    version: "2.0.12"
  wakelock:
    dependency: "direct main"
    description:
      name: wakelock
      sha256: "769ecf42eb2d07128407b50cb93d7c10bd2ee48f0276ef0119db1d25cc2f87db"
      url: "https://pub.flutter-io.cn"
    source: hosted
    version: "0.6.2"
  wakelock_macos:
    dependency: transitive
    description:
      name: wakelock_macos
      sha256: "047c6be2f88cb6b76d02553bca5a3a3b95323b15d30867eca53a19a0a319d4cd"
      url: "https://pub.flutter-io.cn"
    source: hosted
    version: "0.4.0"
  wakelock_platform_interface:
    dependency: transitive
    description:
      name: wakelock_platform_interface
      sha256: "1f4aeb81fb592b863da83d2d0f7b8196067451e4df91046c26b54a403f9de621"
      url: "https://pub.flutter-io.cn"
    source: hosted
    version: "0.3.0"
  wakelock_web:
    dependency: transitive
    description:
      name: wakelock_web
      sha256: "1b256b811ee3f0834888efddfe03da8d18d0819317f20f6193e2922b41a501b5"
      url: "https://pub.flutter-io.cn"
    source: hosted
    version: "0.4.0"
  wakelock_windows:
    dependency: transitive
    description:
      name: wakelock_windows
      sha256: "857f77b3fe6ae82dd045455baa626bc4b93cb9bb6c86bf3f27c182167c3a5567"
      url: "https://pub.flutter-io.cn"
    source: hosted
    version: "0.2.1"
  wave:
    dependency: "direct main"
    description:
      name: wave
      sha256: "01ebccb4caa9b150cbe4763aa2a23501bb582843a1f96281868bbb23cb4db1f9"
      url: "https://pub.flutter-io.cn"
    source: hosted
    version: "0.2.2"
  webview_flutter:
    dependency: "direct main"
    description:
      name: webview_flutter
      sha256: "1a37bdbaaf5fbe09ad8579ab09ecfd473284ce482f900b5aea27cf834386a567"
      url: "https://pub.flutter-io.cn"
    source: hosted
    version: "4.2.0"
  webview_flutter_android:
    dependency: transitive
    description:
      name: webview_flutter_android
      sha256: c849dcb6bf7367f696869006fb9575c15bdc6a1d624ae13f12de5a147a740b12
      url: "https://pub.flutter-io.cn"
    source: hosted
    version: "3.4.2"
  webview_flutter_platform_interface:
    dependency: transitive
    description:
      name: webview_flutter_platform_interface
      sha256: "78715dc442b7849dbde74e92bb67de1cecf5addf95531c5fb474e72f5fe9a507"
      url: "https://pub.flutter-io.cn"
    source: hosted
    version: "2.3.0"
  webview_flutter_wkwebview:
    dependency: transitive
    description:
      name: webview_flutter_wkwebview
      sha256: ab12479f7a0cf112b9420c36aaf206a1ca47cd60cd42de74a4be2e97a697587b
      url: "https://pub.flutter-io.cn"
    source: hosted
    version: "3.2.1"
  wechat_assets_picker:
    dependency: "direct main"
    description:
      name: wechat_assets_picker
      sha256: aec46896f11f97dfce7d63345d9f9ba52271dc838c774a1f9873577827137d82
      url: "https://pub.flutter-io.cn"
    source: hosted
    version: "8.4.2"
  win32:
    dependency: transitive
    description:
      name: win32
      sha256: d13ac5deea7327f027b3b97ee19ee210f68256ecf3f1a304bcfb992ee947637c
      url: "https://pub.flutter-io.cn"
    source: hosted
    version: "3.1.1"
  xdg_directories:
    dependency: transitive
    description:
      name: xdg_directories
      sha256: "11541eedefbcaec9de35aa82650b695297ce668662bbd6e3911a7fabdbde589f"
      url: "https://pub.flutter-io.cn"
    source: hosted
    version: "0.2.0+2"
  xml:
    dependency: transitive
    description:
      name: xml
      sha256: "979ee37d622dec6365e2efa4d906c37470995871fe9ae080d967e192d88286b5"
      url: "https://pub.flutter-io.cn"
    source: hosted
    version: "6.2.2"
  xml2json:
    dependency: "direct main"
    description:
      name: xml2json
      sha256: c8cb35b83cce879c2ea86951fd257f4e765b0030a0298b35cf94f2b3d0f32095
      url: "https://pub.flutter-io.cn"
    source: hosted
    version: "5.3.6"
  xterm:
    dependency: "direct main"
    description:
      name: xterm
      sha256: "6a02b15d03152b8186e12790902ff28c8a932fc441e89fa7255a7491661a8e69"
      url: "https://pub.flutter-io.cn"
    source: hosted
    version: "3.5.0"
sdks:
  dart: ">=2.19.0 <3.0.0"
  flutter: ">=3.7.0"
